
Microsoft Visual Studio Solution File, Format Version 12.00
# Visual Studio Version 17
VisualStudioVersion = 17.0.31903.59
MinimumVisualStudioVersion = 10.0.40219.1
Project("{2150E333-8FDC-42A3-9474-1A3956D46DE8}") = "Domain", "Domain", "{F19C5F04-5DD8-4E71-A7DD-C5EAB48D9D6A}"
EndProject
Project("{FAE04EC0-301F-11D3-BF4B-00C04F79EFBC}") = "Domain.Core", "Domain\Domain.Core\Domain.Core.csproj", "{B73F19A8-7CC4-4FBB-B955-55C14D7C4544}"
EndProject
Project("{2150E333-8FDC-42A3-9474-1A3956D46DE8}") = "Infra", "Infra", "{3D3DC9A4-4097-43DC-A7E5-986F0DFBB117}"
EndProject
Project("{FAE04EC0-301F-11D3-BF4B-00C04F79EFBC}") = "Infra.Bus", "Infra\Infra.Bus\Infra.Bus.csproj", "{B1F68DA5-DBA0-4D16-A8D6-D168426473A5}"
EndProject
Project("{FAE04EC0-301F-11D3-BF4B-00C04F79EFBC}") = "Infra.IoC", "Infra\Infra.IoC\Infra.IoC.csproj", "{FAE1D307-F333-43A4-8C86-48E35DB8A8AC}"
EndProject
Project("{FAE04EC0-301F-11D3-BF4B-00C04F79EFBC}") = "Domain.Data", "Domain\Domain.Data\Domain.Data.csproj", "{6944177E-AD74-4B12-AE64-C70A237798F3}"
EndProject
Project("{2150E333-8FDC-42A3-9474-1A3956D46DE8}") = "Microservices", "Microservices", "{B1308A0C-45C8-4DD6-802F-720A8DD9FE3A}"
EndProject
Project("{2150E333-8FDC-42A3-9474-1A3956D46DE8}") = "Banking", "Banking", "{225F1E8B-A236-4C1D-9FAA-774220163847}"
EndProject
Project("{FAE04EC0-301F-11D3-BF4B-00C04F79EFBC}") = "Banking.Api", "Microservices\Banking\Api\Banking.Api.csproj", "{ABB0F60F-D5C3-4222-9E73-0C8A6E226B94}"
EndProject
Project("{FAE04EC0-301F-11D3-BF4B-00C04F79EFBC}") = "Banking.Application", "Microservices\Banking\Application\Banking.Application.csproj", "{F808C26E-E42B-4062-8137-683C532891AE}"
EndProject
Project("{FAE04EC0-301F-11D3-BF4B-00C04F79EFBC}") = "Banking.Data", "Microservices\Banking\Data\Banking.Data.csproj", "{F28FDABA-D1E1-4BF7-B7DA-6AAA4B01EE3D}"
EndProject
Project("{FAE04EC0-301F-11D3-BF4B-00C04F79EFBC}") = "Banking.Domain", "Microservices\Banking\Domain\Banking.Domain.csproj", "{C85ED839-6F11-4B63-9DAA-1DF9BA371950}"
EndProject
Project("{2150E333-8FDC-42A3-9474-1A3956D46DE8}") = "Transfer", "Transfer", "{58077363-CBB7-407E-9F7A-C72304525EF1}"
EndProject
Project("{FAE04EC0-301F-11D3-BF4B-00C04F79EFBC}") = "Transfer.Api", "Microservices\Transfer\Api\Transfer.Api.csproj", "{E37168C7-B513-4758-98A8-1FCDDB4120E4}"
EndProject
Project("{FAE04EC0-301F-11D3-BF4B-00C04F79EFBC}") = "Transfer.Application", "Microservices\Transfer\Application\Transfer.Application.csproj", "{FDBEA31C-077D-4406-A309-EBC863A02A28}"
EndProject
Project("{FAE04EC0-301F-11D3-BF4B-00C04F79EFBC}") = "Transfer.Data", "Microservices\Transfer\Data\Transfer.Data.csproj", "{748B06A5-9C19-498F-8324-5F4171BBBE91}"
EndProject
Project("{FAE04EC0-301F-11D3-BF4B-00C04F79EFBC}") = "Transfer.Domain", "Microservices\Transfer\Domain\Transfer.Domain.csproj", "{BA5D1973-0033-4075-8512-99540A7BC7F0}"
EndProject
Global
	GlobalSection(SolutionConfigurationPlatforms) = preSolution
		Debug|Any CPU = Debug|Any CPU
		Release|Any CPU = Release|Any CPU
	EndGlobalSection
	GlobalSection(SolutionProperties) = preSolution
		HideSolutionNode = FALSE
	EndGlobalSection
	GlobalSection(ProjectConfigurationPlatforms) = postSolution
		{B73F19A8-7CC4-4FBB-B955-55C14D7C4544}.Debug|Any CPU.ActiveCfg = Debug|Any CPU
		{B73F19A8-7CC4-4FBB-B955-55C14D7C4544}.Debug|Any CPU.Build.0 = Debug|Any CPU
		{B73F19A8-7CC4-4FBB-B955-55C14D7C4544}.Release|Any CPU.ActiveCfg = Release|Any CPU
		{B73F19A8-7CC4-4FBB-B955-55C14D7C4544}.Release|Any CPU.Build.0 = Release|Any CPU
		{B1F68DA5-DBA0-4D16-A8D6-D168426473A5}.Debug|Any CPU.ActiveCfg = Debug|Any CPU
		{B1F68DA5-DBA0-4D16-A8D6-D168426473A5}.Debug|Any CPU.Build.0 = Debug|Any CPU
		{B1F68DA5-DBA0-4D16-A8D6-D168426473A5}.Release|Any CPU.ActiveCfg = Release|Any CPU
		{B1F68DA5-DBA0-4D16-A8D6-D168426473A5}.Release|Any CPU.Build.0 = Release|Any CPU
		{FAE1D307-F333-43A4-8C86-48E35DB8A8AC}.Debug|Any CPU.ActiveCfg = Debug|Any CPU
		{FAE1D307-F333-43A4-8C86-48E35DB8A8AC}.Debug|Any CPU.Build.0 = Debug|Any CPU
		{FAE1D307-F333-43A4-8C86-48E35DB8A8AC}.Release|Any CPU.ActiveCfg = Release|Any CPU
		{FAE1D307-F333-43A4-8C86-48E35DB8A8AC}.Release|Any CPU.Build.0 = Release|Any CPU
		{6944177E-AD74-4B12-AE64-C70A237798F3}.Debug|Any CPU.ActiveCfg = Debug|Any CPU
		{6944177E-AD74-4B12-AE64-C70A237798F3}.Debug|Any CPU.Build.0 = Debug|Any CPU
		{6944177E-AD74-4B12-AE64-C70A237798F3}.Release|Any CPU.ActiveCfg = Release|Any CPU
		{6944177E-AD74-4B12-AE64-C70A237798F3}.Release|Any CPU.Build.0 = Release|Any CPU
		{ABB0F60F-D5C3-4222-9E73-0C8A6E226B94}.Debug|Any CPU.ActiveCfg = Debug|Any CPU
		{ABB0F60F-D5C3-4222-9E73-0C8A6E226B94}.Debug|Any CPU.Build.0 = Debug|Any CPU
		{ABB0F60F-D5C3-4222-9E73-0C8A6E226B94}.Release|Any CPU.ActiveCfg = Release|Any CPU
		{ABB0F60F-D5C3-4222-9E73-0C8A6E226B94}.Release|Any CPU.Build.0 = Release|Any CPU
		{F808C26E-E42B-4062-8137-683C532891AE}.Debug|Any CPU.ActiveCfg = Debug|Any CPU
		{F808C26E-E42B-4062-8137-683C532891AE}.Debug|Any CPU.Build.0 = Debug|Any CPU
		{F808C26E-E42B-4062-8137-683C532891AE}.Release|Any CPU.ActiveCfg = Release|Any CPU
		{F808C26E-E42B-4062-8137-683C532891AE}.Release|Any CPU.Build.0 = Release|Any CPU
		{F28FDABA-D1E1-4BF7-B7DA-6AAA4B01EE3D}.Debug|Any CPU.ActiveCfg = Debug|Any CPU
		{F28FDABA-D1E1-4BF7-B7DA-6AAA4B01EE3D}.Debug|Any CPU.Build.0 = Debug|Any CPU
		{F28FDABA-D1E1-4BF7-B7DA-6AAA4B01EE3D}.Release|Any CPU.ActiveCfg = Release|Any CPU
		{F28FDABA-D1E1-4BF7-B7DA-6AAA4B01EE3D}.Release|Any CPU.Build.0 = Release|Any CPU
		{C85ED839-6F11-4B63-9DAA-1DF9BA371950}.Debug|Any CPU.ActiveCfg = Debug|Any CPU
		{C85ED839-6F11-4B63-9DAA-1DF9BA371950}.Debug|Any CPU.Build.0 = Debug|Any CPU
		{C85ED839-6F11-4B63-9DAA-1DF9BA371950}.Release|Any CPU.ActiveCfg = Release|Any CPU
		{C85ED839-6F11-4B63-9DAA-1DF9BA371950}.Release|Any CPU.Build.0 = Release|Any CPU
		{E37168C7-B513-4758-98A8-1FCDDB4120E4}.Debug|Any CPU.ActiveCfg = Debug|Any CPU
		{E37168C7-B513-4758-98A8-1FCDDB4120E4}.Debug|Any CPU.Build.0 = Debug|Any CPU
		{E37168C7-B513-4758-98A8-1FCDDB4120E4}.Release|Any CPU.ActiveCfg = Release|Any CPU
		{E37168C7-B513-4758-98A8-1FCDDB4120E4}.Release|Any CPU.Build.0 = Release|Any CPU
		{FDBEA31C-077D-4406-A309-EBC863A02A28}.Debug|Any CPU.ActiveCfg = Debug|Any CPU
		{FDBEA31C-077D-4406-A309-EBC863A02A28}.Debug|Any CPU.Build.0 = Debug|Any CPU
		{FDBEA31C-077D-4406-A309-EBC863A02A28}.Release|Any CPU.ActiveCfg = Release|Any CPU
		{FDBEA31C-077D-4406-A309-EBC863A02A28}.Release|Any CPU.Build.0 = Release|Any CPU
		{748B06A5-9C19-498F-8324-5F4171BBBE91}.Debug|Any CPU.ActiveCfg = Debug|Any CPU
		{748B06A5-9C19-498F-8324-5F4171BBBE91}.Debug|Any CPU.Build.0 = Debug|Any CPU
		{748B06A5-9C19-498F-8324-5F4171BBBE91}.Release|Any CPU.ActiveCfg = Release|Any CPU
		{748B06A5-9C19-498F-8324-5F4171BBBE91}.Release|Any CPU.Build.0 = Release|Any CPU
		{BA5D1973-0033-4075-8512-99540A7BC7F0}.Debug|Any CPU.ActiveCfg = Debug|Any CPU
		{BA5D1973-0033-4075-8512-99540A7BC7F0}.Debug|Any CPU.Build.0 = Debug|Any CPU
		{BA5D1973-0033-4075-8512-99540A7BC7F0}.Release|Any CPU.ActiveCfg = Release|Any CPU
		{BA5D1973-0033-4075-8512-99540A7BC7F0}.Release|Any CPU.Build.0 = Release|Any CPU
	EndGlobalSection
	GlobalSection(NestedProjects) = preSolution
		{B73F19A8-7CC4-4FBB-B955-55C14D7C4544} = {F19C5F04-5DD8-4E71-A7DD-C5EAB48D9D6A}
		{B1F68DA5-DBA0-4D16-A8D6-D168426473A5} = {3D3DC9A4-4097-43DC-A7E5-986F0DFBB117}
		{FAE1D307-F333-43A4-8C86-48E35DB8A8AC} = {3D3DC9A4-4097-43DC-A7E5-986F0DFBB117}
		{6944177E-AD74-4B12-AE64-C70A237798F3} = {F19C5F04-5DD8-4E71-A7DD-C5EAB48D9D6A}
		{225F1E8B-A236-4C1D-9FAA-774220163847} = {B1308A0C-45C8-4DD6-802F-720A8DD9FE3A}
		{ABB0F60F-D5C3-4222-9E73-0C8A6E226B94} = {225F1E8B-A236-4C1D-9FAA-774220163847}
		{F808C26E-E42B-4062-8137-683C532891AE} = {225F1E8B-A236-4C1D-9FAA-774220163847}
		{F28FDABA-D1E1-4BF7-B7DA-6AAA4B01EE3D} = {225F1E8B-A236-4C1D-9FAA-774220163847}
		{C85ED839-6F11-4B63-9DAA-1DF9BA371950} = {225F1E8B-A236-4C1D-9FAA-774220163847}
		{58077363-CBB7-407E-9F7A-C72304525EF1} = {B1308A0C-45C8-4DD6-802F-720A8DD9FE3A}
		{E37168C7-B513-4758-98A8-1FCDDB4120E4} = {58077363-CBB7-407E-9F7A-C72304525EF1}
		{FDBEA31C-077D-4406-A309-EBC863A02A28} = {58077363-CBB7-407E-9F7A-C72304525EF1}
		{748B06A5-9C19-498F-8324-5F4171BBBE91} = {58077363-CBB7-407E-9F7A-C72304525EF1}
		{BA5D1973-0033-4075-8512-99540A7BC7F0} = {58077363-CBB7-407E-9F7A-C72304525EF1}
	EndGlobalSection
EndGlobal
